// !$*UTF8*$!
{
	archiveVersion = 1;
	classes = {
	};
	objectVersion = 52;
	objects = {

/* Begin PBXBuildFile section */
		135E025C8B315B3DE19105A5 /* libPods-PathifyUITests.a in Frameworks */ = {isa = PBXBuildFile; fileRef = D2A16E51C24C6EE21DBB5D5A /* libPods-PathifyUITests.a */; };
		13B07FBC1A68108700A75B9A /* AppDelegate.m in Sources */ = {isa = PBXBuildFile; fileRef = 13B07FB01A68108700A75B9A /* AppDelegate.m */; };
		13B07FBF1A68108700A75B9A /* Images.xcassets in Resources */ = {isa = PBXBuildFile; fileRef = 13B07FB51A68108700A75B9A /* Images.xcassets */; };
		13B07FC11A68108700A75B9A /* main.m in Sources */ = {isa = PBXBuildFile; fileRef = 13B07FB71A68108700A75B9A /* main.m */; };
		42B4AF824F4E681F9CE34826 /* libPods-Pathify.a in Frameworks */ = {isa = PBXBuildFile; fileRef = E6B8323FCF6B97522D803F97 /* libPods-Pathify.a */; };
		85140DE50F794047B0FF06A9 /* libz.tbd in Frameworks */ = {isa = PBXBuildFile; fileRef = BC774D0FF4A84A63B4A92DE9 /* libz.tbd */; };
		AB05BE5B25895B3800F61526 /* AppDelegate.m in Sources */ = {isa = PBXBuildFile; fileRef = 13B07FB01A68108700A75B9A /* AppDelegate.m */; };
		AB05BE5D25895B3800F61526 /* main.m in Sources */ = {isa = PBXBuildFile; fileRef = 13B07FB71A68108700A75B9A /* main.m */; };
		AB05BE5F25895B3800F61526 /* libc++.tbd in Frameworks */ = {isa = PBXBuildFile; fileRef = EE4C23D5B4554C66A054E423 /* libc++.tbd */; };
		AB05BE6025895B3800F61526 /* libz.tbd in Frameworks */ = {isa = PBXBuildFile; fileRef = BC774D0FF4A84A63B4A92DE9 /* libz.tbd */; };
		AB05BE6325895B3800F61526 /* LaunchScreen.storyboard in Resources */ = {isa = PBXBuildFile; fileRef = AB666CE524F09F1E00063DA1 /* LaunchScreen.storyboard */; };
		AB05BE6425895B3800F61526 /* LaunchScreen.xib in Resources */ = {isa = PBXBuildFile; fileRef = AB10087224F5B0EE003D31C8 /* LaunchScreen.xib */; };
		AB05BE6525895B3800F61526 /* Images.xcassets in Resources */ = {isa = PBXBuildFile; fileRef = 13B07FB51A68108700A75B9A /* Images.xcassets */; };
		AB05BE6625895B3800F61526 /* SampleData.xcassets in Resources */ = {isa = PBXBuildFile; fileRef = AB9F79F62585EA1700E80B04 /* SampleData.xcassets */; };
		AB10087424F5B0EE003D31C8 /* LaunchScreen.xib in Resources */ = {isa = PBXBuildFile; fileRef = AB10087224F5B0EE003D31C8 /* LaunchScreen.xib */; };
		AB666CE624F09F1E00063DA1 /* LaunchScreen.storyboard in Resources */ = {isa = PBXBuildFile; fileRef = AB666CE524F09F1E00063DA1 /* LaunchScreen.storyboard */; };
		AB9F7A012585EBBF00E80B04 /* SampleData.xcassets in Resources */ = {isa = PBXBuildFile; fileRef = AB9F79F62585EA1700E80B04 /* SampleData.xcassets */; };
		AB9F7A052585ECB200E80B04 /* Images.xcassets in Resources */ = {isa = PBXBuildFile; fileRef = 13B07FB51A68108700A75B9A /* Images.xcassets */; };
		ABDD667525897EC700709810 /* PathifyNative.swift in Sources */ = {isa = PBXBuildFile; fileRef = ABDD667425897EC700709810 /* PathifyNative.swift */; };
		ABDD667625897EC700709810 /* PathifyNative.swift in Sources */ = {isa = PBXBuildFile; fileRef = ABDD667425897EC700709810 /* PathifyNative.swift */; };
		ABDD6697258980EE00709810 /* PathifyTest-Info.plist in Resources */ = {isa = PBXBuildFile; fileRef = ABDD6696258980EE00709810 /* PathifyTest-Info.plist */; };
		ABE839982410C7970051DA47 /* SnapshotHelper.swift in Sources */ = {isa = PBXBuildFile; fileRef = ABE839962410C7960051DA47 /* SnapshotHelper.swift */; };
		ABFBED682410C61600A2E0D3 /* PathifyUITests.swift in Sources */ = {isa = PBXBuildFile; fileRef = ABFBED672410C61600A2E0D3 /* PathifyUITests.swift */; };
		CE6655D991B9A07596C0379E /* libPods-PathifyTest.a in Frameworks */ = {isa = PBXBuildFile; fileRef = 611ED8D7E0BE091FEA3211C7 /* libPods-PathifyTest.a */; };
		F789174928D04A6FA7655088 /* libc++.tbd in Frameworks */ = {isa = PBXBuildFile; fileRef = EE4C23D5B4554C66A054E423 /* libc++.tbd */; };
/* End PBXBuildFile section */

/* Begin PBXBuildRule section */
		AB05BE6A25895B3800F61526 /* PBXBuildRule */ = {
			isa = PBXBuildRule;
			compilerSpec = com.apple.compilers.proxy.script;
			fileType = sourcecode.metal;
			inputFiles = (
			);
			isEditable = 1;
			outputFiles = (
			);
			script = "# metal\n";
		};
		AB5CD68E258478E900509FA3 /* PBXBuildRule */ = {
			isa = PBXBuildRule;
			compilerSpec = com.apple.compilers.proxy.script;
			fileType = sourcecode.metal;
			inputFiles = (
			);
			isEditable = 1;
			outputFiles = (
			);
			script = "# metal\n";
		};
/* End PBXBuildRule section */

/* Begin PBXContainerItemProxy section */
		AB05BE7A25895D8600F61526 /* PBXContainerItemProxy */ = {
			isa = PBXContainerItemProxy;
			containerPortal = 83CBB9F71A601CBA00E9B192 /* Project object */;
			proxyType = 1;
			remoteGlobalIDString = AB05BE5825895B3800F61526;
			remoteInfo = PathifyTest;
		};
		AB9807DB23EA6BCE00477115 /* PBXContainerItemProxy */ = {
			isa = PBXContainerItemProxy;
			containerPortal = AB9807D723EA6BCE00477115 /* ReactNativeHaptic.xcodeproj */;
			proxyType = 2;
			remoteGlobalIDString = 134814201AA4EA6300B7C361;
			remoteInfo = ReactNativeHaptic;
		};
		ABFBED6A2410C61600A2E0D3 /* PBXContainerItemProxy */ = {
			isa = PBXContainerItemProxy;
			containerPortal = 83CBB9F71A601CBA00E9B192 /* Project object */;
			proxyType = 1;
			remoteGlobalIDString = 13B07F861A680F5B00A75B9A;
			remoteInfo = Pathify;
		};
/* End PBXContainerItemProxy section */

/* Begin PBXFileReference section */
		008F07F21AC5B25A0029DE68 /* main.jsbundle */ = {isa = PBXFileReference; fileEncoding = 4; lastKnownFileType = text; path = main.jsbundle; sourceTree = "<group>"; };
		03659F535B28F812BA829511 /* Pods-Pathify.release.xcconfig */ = {isa = PBXFileReference; includeInIndex = 1; lastKnownFileType = text.xcconfig; name = "Pods-Pathify.release.xcconfig"; path = "Target Support Files/Pods-Pathify/Pods-Pathify.release.xcconfig"; sourceTree = "<group>"; };
		13B07F961A680F5B00A75B9A /* Pathify.app */ = {isa = PBXFileReference; explicitFileType = wrapper.application; includeInIndex = 0; path = Pathify.app; sourceTree = BUILT_PRODUCTS_DIR; };
		13B07FAF1A68108700A75B9A /* AppDelegate.h */ = {isa = PBXFileReference; fileEncoding = 4; lastKnownFileType = sourcecode.c.h; name = AppDelegate.h; path = Pathify/AppDelegate.h; sourceTree = "<group>"; };
		13B07FB01A68108700A75B9A /* AppDelegate.m */ = {isa = PBXFileReference; fileEncoding = 4; lastKnownFileType = sourcecode.c.objc; name = AppDelegate.m; path = Pathify/AppDelegate.m; sourceTree = "<group>"; };
		13B07FB51A68108700A75B9A /* Images.xcassets */ = {isa = PBXFileReference; lastKnownFileType = folder.assetcatalog; name = Images.xcassets; path = Pathify/Images.xcassets; sourceTree = "<group>"; };
		13B07FB61A68108700A75B9A /* Info.plist */ = {isa = PBXFileReference; fileEncoding = 4; lastKnownFileType = text.plist.xml; name = Info.plist; path = Pathify/Info.plist; sourceTree = "<group>"; };
		13B07FB71A68108700A75B9A /* main.m */ = {isa = PBXFileReference; fileEncoding = 4; lastKnownFileType = sourcecode.c.objc; name = main.m; path = Pathify/main.m; sourceTree = "<group>"; };
		2D16E6891FA4F8E400B85C8A /* libReact.a */ = {isa = PBXFileReference; explicitFileType = archive.ar; path = libReact.a; sourceTree = BUILT_PRODUCTS_DIR; };
		38CE0B7DD5314491A6525F89 /* libRealmReact.a */ = {isa = PBXFileReference; explicitFileType = undefined; fileEncoding = 9; includeInIndex = 0; lastKnownFileType = archive.ar; path = libRealmReact.a; sourceTree = "<group>"; };
		5B55ECEB104E05FEF3A5EBA8 /* Pods-PathifyTest.release.xcconfig */ = {isa = PBXFileReference; includeInIndex = 1; lastKnownFileType = text.xcconfig; name = "Pods-PathifyTest.release.xcconfig"; path = "Target Support Files/Pods-PathifyTest/Pods-PathifyTest.release.xcconfig"; sourceTree = "<group>"; };
		611ED8D7E0BE091FEA3211C7 /* libPods-PathifyTest.a */ = {isa = PBXFileReference; explicitFileType = archive.ar; includeInIndex = 0; path = "libPods-PathifyTest.a"; sourceTree = BUILT_PRODUCTS_DIR; };
		6EB398FE8D8889AB0F68998B /* Pods-PathifyTest.debug.xcconfig */ = {isa = PBXFileReference; includeInIndex = 1; lastKnownFileType = text.xcconfig; name = "Pods-PathifyTest.debug.xcconfig"; path = "Target Support Files/Pods-PathifyTest/Pods-PathifyTest.debug.xcconfig"; sourceTree = "<group>"; };
		7B96BD84FF819616415F6AE2 /* Pods-PathifyUITests.debug.xcconfig */ = {isa = PBXFileReference; includeInIndex = 1; lastKnownFileType = text.xcconfig; name = "Pods-PathifyUITests.debug.xcconfig"; path = "Target Support Files/Pods-PathifyUITests/Pods-PathifyUITests.debug.xcconfig"; sourceTree = "<group>"; };
		8059A1F3DBF76255A1CCACAD /* Pods-Pathify.debug.xcconfig */ = {isa = PBXFileReference; includeInIndex = 1; lastKnownFileType = text.xcconfig; name = "Pods-Pathify.debug.xcconfig"; path = "Target Support Files/Pods-Pathify/Pods-Pathify.debug.xcconfig"; sourceTree = "<group>"; };
		AB05BE6E25895B3800F61526 /* PathifyTest.app */ = {isa = PBXFileReference; explicitFileType = wrapper.application; includeInIndex = 0; path = PathifyTest.app; sourceTree = BUILT_PRODUCTS_DIR; };
		AB10087224F5B0EE003D31C8 /* LaunchScreen.xib */ = {isa = PBXFileReference; fileEncoding = 4; lastKnownFileType = file.xib; path = LaunchScreen.xib; sourceTree = "<group>"; };
		AB666CE524F09F1E00063DA1 /* LaunchScreen.storyboard */ = {isa = PBXFileReference; lastKnownFileType = file.storyboard; path = LaunchScreen.storyboard; sourceTree = "<group>"; };
		AB9807D723EA6BCE00477115 /* ReactNativeHaptic.xcodeproj */ = {isa = PBXFileReference; lastKnownFileType = "wrapper.pb-project"; name = ReactNativeHaptic.xcodeproj; path = "../node_modules/react-native-haptic/ios/ReactNativeHaptic.xcodeproj"; sourceTree = "<group>"; };
		AB9F79F62585EA1700E80B04 /* SampleData.xcassets */ = {isa = PBXFileReference; lastKnownFileType = folder.assetcatalog; path = SampleData.xcassets; sourceTree = "<group>"; };
		ABC3E6E221EBFA3E00663856 /* libRNVectorIcons.a */ = {isa = PBXFileReference; explicitFileType = archive.ar; path = libRNVectorIcons.a; sourceTree = BUILT_PRODUCTS_DIR; };
		ABDD667425897EC700709810 /* PathifyNative.swift */ = {isa = PBXFileReference; fileEncoding = 4; lastKnownFileType = sourcecode.swift; path = PathifyNative.swift; sourceTree = "<group>"; };
		ABDD6696258980EE00709810 /* PathifyTest-Info.plist */ = {isa = PBXFileReference; fileEncoding = 4; lastKnownFileType = text.plist.xml; name = "PathifyTest-Info.plist"; path = "Pathify/PathifyTest-Info.plist"; sourceTree = "<group>"; };
		ABE839962410C7960051DA47 /* SnapshotHelper.swift */ = {isa = PBXFileReference; fileEncoding = 4; lastKnownFileType = sourcecode.swift; name = SnapshotHelper.swift; path = fastlane/SnapshotHelper.swift; sourceTree = SOURCE_ROOT; };
		ABF33C3024F0A71D007FD7C9 /* Pathify-Bridging-Header.h */ = {isa = PBXFileReference; lastKnownFileType = sourcecode.c.h; path = "Pathify-Bridging-Header.h"; sourceTree = "<group>"; };
		ABFBED652410C61600A2E0D3 /* PathifyUITests.xctest */ = {isa = PBXFileReference; explicitFileType = wrapper.cfbundle; includeInIndex = 0; path = PathifyUITests.xctest; sourceTree = BUILT_PRODUCTS_DIR; };
		ABFBED672410C61600A2E0D3 /* PathifyUITests.swift */ = {isa = PBXFileReference; lastKnownFileType = sourcecode.swift; path = PathifyUITests.swift; sourceTree = "<group>"; };
		ABFBED692410C61600A2E0D3 /* Info.plist */ = {isa = PBXFileReference; lastKnownFileType = text.plist.xml; path = Info.plist; sourceTree = "<group>"; };
		BC774D0FF4A84A63B4A92DE9 /* libz.tbd */ = {isa = PBXFileReference; explicitFileType = undefined; fileEncoding = 9; includeInIndex = 0; lastKnownFileType = "sourcecode.text-based-dylib-definition"; name = libz.tbd; path = usr/lib/libz.tbd; sourceTree = SDKROOT; };
		D2A16E51C24C6EE21DBB5D5A /* libPods-PathifyUITests.a */ = {isa = PBXFileReference; explicitFileType = archive.ar; includeInIndex = 0; path = "libPods-PathifyUITests.a"; sourceTree = BUILT_PRODUCTS_DIR; };
		E6B8323FCF6B97522D803F97 /* libPods-Pathify.a */ = {isa = PBXFileReference; explicitFileType = archive.ar; includeInIndex = 0; path = "libPods-Pathify.a"; sourceTree = BUILT_PRODUCTS_DIR; };
		EE4C23D5B4554C66A054E423 /* libc++.tbd */ = {isa = PBXFileReference; explicitFileType = undefined; fileEncoding = 9; includeInIndex = 0; lastKnownFileType = "sourcecode.text-based-dylib-definition"; name = "libc++.tbd"; path = "usr/lib/libc++.tbd"; sourceTree = SDKROOT; };
		FA77D29ECAD56DC3F9D5B7CB /* Pods-PathifyUITests.release.xcconfig */ = {isa = PBXFileReference; includeInIndex = 1; lastKnownFileType = text.xcconfig; name = "Pods-PathifyUITests.release.xcconfig"; path = "Target Support Files/Pods-PathifyUITests/Pods-PathifyUITests.release.xcconfig"; sourceTree = "<group>"; };
/* End PBXFileReference section */

/* Begin PBXFrameworksBuildPhase section */
		13B07F8C1A680F5B00A75B9A /* Frameworks */ = {
			isa = PBXFrameworksBuildPhase;
			buildActionMask = 2147483647;
			files = (
				F789174928D04A6FA7655088 /* libc++.tbd in Frameworks */,
				85140DE50F794047B0FF06A9 /* libz.tbd in Frameworks */,
				42B4AF824F4E681F9CE34826 /* libPods-Pathify.a in Frameworks */,
			);
			runOnlyForDeploymentPostprocessing = 0;
		};
		AB05BE5E25895B3800F61526 /* Frameworks */ = {
			isa = PBXFrameworksBuildPhase;
			buildActionMask = 2147483647;
			files = (
				AB05BE5F25895B3800F61526 /* libc++.tbd in Frameworks */,
				AB05BE6025895B3800F61526 /* libz.tbd in Frameworks */,
				CE6655D991B9A07596C0379E /* libPods-PathifyTest.a in Frameworks */,
			);
			runOnlyForDeploymentPostprocessing = 0;
		};
		ABFBED622410C61600A2E0D3 /* Frameworks */ = {
			isa = PBXFrameworksBuildPhase;
			buildActionMask = 2147483647;
			files = (
				135E025C8B315B3DE19105A5 /* libPods-PathifyUITests.a in Frameworks */,
			);
			runOnlyForDeploymentPostprocessing = 0;
		};
/* End PBXFrameworksBuildPhase section */

/* Begin PBXGroup section */
		13B07FAE1A68108700A75B9A /* Pathify */ = {
			isa = PBXGroup;
			children = (
				ABDD667425897EC700709810 /* PathifyNative.swift */,
				008F07F21AC5B25A0029DE68 /* main.jsbundle */,
				13B07FAF1A68108700A75B9A /* AppDelegate.h */,
				13B07FB01A68108700A75B9A /* AppDelegate.m */,
				13B07FB51A68108700A75B9A /* Images.xcassets */,
				ABDD6696258980EE00709810 /* PathifyTest-Info.plist */,
				13B07FB61A68108700A75B9A /* Info.plist */,
				AB666CE524F09F1E00063DA1 /* LaunchScreen.storyboard */,
				AB10087224F5B0EE003D31C8 /* LaunchScreen.xib */,
				13B07FB71A68108700A75B9A /* main.m */,
				ABF33C3024F0A71D007FD7C9 /* Pathify-Bridging-Header.h */,
				AB9F79F62585EA1700E80B04 /* SampleData.xcassets */,
			);
			name = Pathify;
			sourceTree = "<group>";
		};
		2D16E6871FA4F8E400B85C8A /* Frameworks */ = {
			isa = PBXGroup;
			children = (
				ABC3E6E221EBFA3E00663856 /* libRNVectorIcons.a */,
				2D16E6891FA4F8E400B85C8A /* libReact.a */,
				EE4C23D5B4554C66A054E423 /* libc++.tbd */,
				BC774D0FF4A84A63B4A92DE9 /* libz.tbd */,
				E6B8323FCF6B97522D803F97 /* libPods-Pathify.a */,
				611ED8D7E0BE091FEA3211C7 /* libPods-PathifyTest.a */,
				D2A16E51C24C6EE21DBB5D5A /* libPods-PathifyUITests.a */,
			);
			name = Frameworks;
			sourceTree = "<group>";
		};
		779C8486C9E12252034CC719 /* Pods */ = {
			isa = PBXGroup;
			children = (
				8059A1F3DBF76255A1CCACAD /* Pods-Pathify.debug.xcconfig */,
				03659F535B28F812BA829511 /* Pods-Pathify.release.xcconfig */,
				6EB398FE8D8889AB0F68998B /* Pods-PathifyTest.debug.xcconfig */,
				5B55ECEB104E05FEF3A5EBA8 /* Pods-PathifyTest.release.xcconfig */,
				7B96BD84FF819616415F6AE2 /* Pods-PathifyUITests.debug.xcconfig */,
				FA77D29ECAD56DC3F9D5B7CB /* Pods-PathifyUITests.release.xcconfig */,
			);
			path = Pods;
			sourceTree = "<group>";
		};
		832341AE1AAA6A7D00B99B32 /* Libraries */ = {
			isa = PBXGroup;
			children = (
				AB9807D723EA6BCE00477115 /* ReactNativeHaptic.xcodeproj */,
			);
			name = Libraries;
			sourceTree = "<group>";
		};
		83CBB9F61A601CBA00E9B192 = {
			isa = PBXGroup;
			children = (
				13B07FAE1A68108700A75B9A /* Pathify */,
				832341AE1AAA6A7D00B99B32 /* Libraries */,
				ABFBED662410C61600A2E0D3 /* PathifyUITests */,
				83CBBA001A601CBA00E9B192 /* Products */,
				2D16E6871FA4F8E400B85C8A /* Frameworks */,
				FA090239312A463BA4EAC5BD /* Resources */,
				779C8486C9E12252034CC719 /* Pods */,
				ABA4C4732318A64000F031FA /* Recovered References */,
			);
			indentWidth = 2;
			sourceTree = "<group>";
			tabWidth = 2;
			usesTabs = 0;
		};
		83CBBA001A601CBA00E9B192 /* Products */ = {
			isa = PBXGroup;
			children = (
				13B07F961A680F5B00A75B9A /* Pathify.app */,
				ABFBED652410C61600A2E0D3 /* PathifyUITests.xctest */,
				AB05BE6E25895B3800F61526 /* PathifyTest.app */,
			);
			name = Products;
			sourceTree = "<group>";
		};
		AB9807D823EA6BCE00477115 /* Products */ = {
			isa = PBXGroup;
			children = (
				AB9807DC23EA6BCE00477115 /* libReactNativeHaptic.a */,
			);
			name = Products;
			sourceTree = "<group>";
		};
		ABA4C4732318A64000F031FA /* Recovered References */ = {
			isa = PBXGroup;
			children = (
				38CE0B7DD5314491A6525F89 /* libRealmReact.a */,
			);
			name = "Recovered References";
			sourceTree = "<group>";
		};
		ABFBED662410C61600A2E0D3 /* PathifyUITests */ = {
			isa = PBXGroup;
			children = (
				ABE839962410C7960051DA47 /* SnapshotHelper.swift */,
				ABFBED672410C61600A2E0D3 /* PathifyUITests.swift */,
				ABFBED692410C61600A2E0D3 /* Info.plist */,
			);
			path = PathifyUITests;
			sourceTree = "<group>";
		};
		FA090239312A463BA4EAC5BD /* Resources */ = {
			isa = PBXGroup;
			children = (
			);
			name = Resources;
			sourceTree = "<group>";
		};
/* End PBXGroup section */

/* Begin PBXNativeTarget section */
		13B07F861A680F5B00A75B9A /* Pathify */ = {
			isa = PBXNativeTarget;
			buildConfigurationList = 13B07F931A680F5B00A75B9A /* Build configuration list for PBXNativeTarget "Pathify" */;
			buildPhases = (
				613FA9699B49E0E279C3284A /* [CP] Check Pods Manifest.lock */,
				13B07F871A680F5B00A75B9A /* Sources */,
				13B07F8C1A680F5B00A75B9A /* Frameworks */,
				13B07F8E1A680F5B00A75B9A /* Resources */,
				00DD1BFF1BD5951E006B06BC /* Bundle React Native code and images */,
				D312569BF69658D0A97AE252 /* [CP] Embed Pods Frameworks */,
				38492DBE5EDD5783B81D8071 /* [CP] Copy Pods Resources */,
			);
			buildRules = (
				AB5CD68E258478E900509FA3 /* PBXBuildRule */,
			);
			dependencies = (
			);
			name = Pathify;
			productName = Pathify;
			productReference = 13B07F961A680F5B00A75B9A /* Pathify.app */;
			productType = "com.apple.product-type.application";
		};
		AB05BE5825895B3800F61526 /* PathifyTest */ = {
			isa = PBXNativeTarget;
			buildConfigurationList = AB05BE6B25895B3800F61526 /* Build configuration list for PBXNativeTarget "PathifyTest" */;
			buildPhases = (
				DBC95F7DB9FDC13A09534AF5 /* [CP] Check Pods Manifest.lock */,
				AB05BE5A25895B3800F61526 /* Sources */,
				AB05BE5E25895B3800F61526 /* Frameworks */,
				AB05BE6225895B3800F61526 /* Resources */,
				AB05BE6725895B3800F61526 /* Bundle React Native code and images */,
				057C05818180B112DEED6542 /* [CP] Embed Pods Frameworks */,
				C36D4B1044D2B9C3FD5492F2 /* [CP] Copy Pods Resources */,
			);
			buildRules = (
				AB05BE6A25895B3800F61526 /* PBXBuildRule */,
			);
			dependencies = (
			);
			name = PathifyTest;
			productName = PathifyTest;
			productReference = AB05BE6E25895B3800F61526 /* PathifyTest.app */;
			productType = "com.apple.product-type.application";
		};
		ABFBED642410C61600A2E0D3 /* PathifyUITests */ = {
			isa = PBXNativeTarget;
			buildConfigurationList = ABFBED6F2410C61600A2E0D3 /* Build configuration list for PBXNativeTarget "PathifyUITests" */;
			buildPhases = (
				857600CA7BBE6000969DFEA9 /* [CP] Check Pods Manifest.lock */,
				ABFBED612410C61600A2E0D3 /* Sources */,
				ABFBED622410C61600A2E0D3 /* Frameworks */,
				ABFBED632410C61600A2E0D3 /* Resources */,
			);
			buildRules = (
			);
			dependencies = (
				ABFBED6B2410C61600A2E0D3 /* PBXTargetDependency */,
				AB05BE7B25895D8600F61526 /* PBXTargetDependency */,
			);
			name = PathifyUITests;
			productName = PathifyUITests;
			productReference = ABFBED652410C61600A2E0D3 /* PathifyUITests.xctest */;
			productType = "com.apple.product-type.bundle.ui-testing";
		};
/* End PBXNativeTarget section */

/* Begin PBXProject section */
		83CBB9F71A601CBA00E9B192 /* Project object */ = {
			isa = PBXProject;
			attributes = {
				LastSwiftUpdateCheck = 1130;
				LastUpgradeCheck = 940;
				ORGANIZATIONNAME = "";
				TargetAttributes = {
					13B07F861A680F5B00A75B9A = {
						LastSwiftMigration = 1160;
					};
					ABFBED642410C61600A2E0D3 = {
						CreatedOnToolsVersion = 11.3.1;
						TestTargetID = AB05BE5825895B3800F61526;
					};
				};
			};
			buildConfigurationList = 83CBB9FA1A601CBA00E9B192 /* Build configuration list for PBXProject "Pathify" */;
			compatibilityVersion = "Xcode 11.0";
			developmentRegion = English;
			hasScannedForEncodings = 0;
			knownRegions = (
				English,
				en,
				Base,
			);
			mainGroup = 83CBB9F61A601CBA00E9B192;
			productRefGroup = 83CBBA001A601CBA00E9B192 /* Products */;
			projectDirPath = "";
			projectReferences = (
				{
					ProductGroup = AB9807D823EA6BCE00477115 /* Products */;
					ProjectRef = AB9807D723EA6BCE00477115 /* ReactNativeHaptic.xcodeproj */;
				},
			);
			projectRoot = "";
			targets = (
				13B07F861A680F5B00A75B9A /* Pathify */,
				AB05BE5825895B3800F61526 /* PathifyTest */,
				ABFBED642410C61600A2E0D3 /* PathifyUITests */,
			);
		};
/* End PBXProject section */

/* Begin PBXReferenceProxy section */
		AB9807DC23EA6BCE00477115 /* libReactNativeHaptic.a */ = {
			isa = PBXReferenceProxy;
			fileType = archive.ar;
			path = libReactNativeHaptic.a;
			remoteRef = AB9807DB23EA6BCE00477115 /* PBXContainerItemProxy */;
			sourceTree = BUILT_PRODUCTS_DIR;
		};
/* End PBXReferenceProxy section */

/* Begin PBXResourcesBuildPhase section */
		13B07F8E1A680F5B00A75B9A /* Resources */ = {
			isa = PBXResourcesBuildPhase;
			buildActionMask = 2147483647;
			files = (
				AB666CE624F09F1E00063DA1 /* LaunchScreen.storyboard in Resources */,
				AB10087424F5B0EE003D31C8 /* LaunchScreen.xib in Resources */,
				13B07FBF1A68108700A75B9A /* Images.xcassets in Resources */,
			);
			runOnlyForDeploymentPostprocessing = 0;
		};
		AB05BE6225895B3800F61526 /* Resources */ = {
			isa = PBXResourcesBuildPhase;
			buildActionMask = 2147483647;
			files = (
				AB05BE6325895B3800F61526 /* LaunchScreen.storyboard in Resources */,
				AB05BE6425895B3800F61526 /* LaunchScreen.xib in Resources */,
				ABDD6697258980EE00709810 /* PathifyTest-Info.plist in Resources */,
				AB05BE6525895B3800F61526 /* Images.xcassets in Resources */,
				AB05BE6625895B3800F61526 /* SampleData.xcassets in Resources */,
			);
			runOnlyForDeploymentPostprocessing = 0;
		};
		ABFBED632410C61600A2E0D3 /* Resources */ = {
			isa = PBXResourcesBuildPhase;
			buildActionMask = 2147483647;
			files = (
				AB9F7A012585EBBF00E80B04 /* SampleData.xcassets in Resources */,
				AB9F7A052585ECB200E80B04 /* Images.xcassets in Resources */,
			);
			runOnlyForDeploymentPostprocessing = 0;
		};
/* End PBXResourcesBuildPhase section */

/* Begin PBXShellScriptBuildPhase section */
		00DD1BFF1BD5951E006B06BC /* Bundle React Native code and images */ = {
			isa = PBXShellScriptBuildPhase;
			buildActionMask = 2147483647;
			files = (
			);
			inputPaths = (
			);
			name = "Bundle React Native code and images";
			outputPaths = (
			);
			runOnlyForDeploymentPostprocessing = 0;
			shellPath = /bin/sh;
			shellScript = "export NODE_BINARY=node\n../node_modules/react-native/scripts/react-native-xcode.sh\n";
		};
		057C05818180B112DEED6542 /* [CP] Embed Pods Frameworks */ = {
			isa = PBXShellScriptBuildPhase;
			buildActionMask = 2147483647;
			files = (
			);
			inputFileListPaths = (
				"${PODS_ROOT}/Target Support Files/Pods-PathifyTest/Pods-PathifyTest-frameworks-${CONFIGURATION}-input-files.xcfilelist",
			);
			name = "[CP] Embed Pods Frameworks";
			outputFileListPaths = (
				"${PODS_ROOT}/Target Support Files/Pods-PathifyTest/Pods-PathifyTest-frameworks-${CONFIGURATION}-output-files.xcfilelist",
			);
			runOnlyForDeploymentPostprocessing = 0;
			shellPath = /bin/sh;
			shellScript = "\"${PODS_ROOT}/Target Support Files/Pods-PathifyTest/Pods-PathifyTest-frameworks.sh\"\n";
			showEnvVarsInLog = 0;
		};
		38492DBE5EDD5783B81D8071 /* [CP] Copy Pods Resources */ = {
			isa = PBXShellScriptBuildPhase;
			buildActionMask = 2147483647;
			files = (
			);
			inputFileListPaths = (
				"${PODS_ROOT}/Target Support Files/Pods-Pathify/Pods-Pathify-resources-${CONFIGURATION}-input-files.xcfilelist",
			);
			name = "[CP] Copy Pods Resources";
			outputFileListPaths = (
				"${PODS_ROOT}/Target Support Files/Pods-Pathify/Pods-Pathify-resources-${CONFIGURATION}-output-files.xcfilelist",
			);
			runOnlyForDeploymentPostprocessing = 0;
			shellPath = /bin/sh;
			shellScript = "\"${PODS_ROOT}/Target Support Files/Pods-Pathify/Pods-Pathify-resources.sh\"\n";
			showEnvVarsInLog = 0;
		};
		613FA9699B49E0E279C3284A /* [CP] Check Pods Manifest.lock */ = {
			isa = PBXShellScriptBuildPhase;
			buildActionMask = 2147483647;
			files = (
			);
			inputFileListPaths = (
			);
			inputPaths = (
				"${PODS_PODFILE_DIR_PATH}/Podfile.lock",
				"${PODS_ROOT}/Manifest.lock",
			);
			name = "[CP] Check Pods Manifest.lock";
			outputFileListPaths = (
			);
			outputPaths = (
				"$(DERIVED_FILE_DIR)/Pods-Pathify-checkManifestLockResult.txt",
			);
			runOnlyForDeploymentPostprocessing = 0;
			shellPath = /bin/sh;
			shellScript = "diff \"${PODS_PODFILE_DIR_PATH}/Podfile.lock\" \"${PODS_ROOT}/Manifest.lock\" > /dev/null\nif [ $? != 0 ] ; then\n    # print error to STDERR\n    echo \"error: The sandbox is not in sync with the Podfile.lock. Run 'pod install' or update your CocoaPods installation.\" >&2\n    exit 1\nfi\n# This output is used by Xcode 'outputs' to avoid re-running this script phase.\necho \"SUCCESS\" > \"${SCRIPT_OUTPUT_FILE_0}\"\n";
			showEnvVarsInLog = 0;
		};
		857600CA7BBE6000969DFEA9 /* [CP] Check Pods Manifest.lock */ = {
			isa = PBXShellScriptBuildPhase;
			buildActionMask = 2147483647;
			files = (
			);
			inputFileListPaths = (
			);
			inputPaths = (
				"${PODS_PODFILE_DIR_PATH}/Podfile.lock",
				"${PODS_ROOT}/Manifest.lock",
			);
			name = "[CP] Check Pods Manifest.lock";
			outputFileListPaths = (
			);
			outputPaths = (
				"$(DERIVED_FILE_DIR)/Pods-PathifyUITests-checkManifestLockResult.txt",
			);
			runOnlyForDeploymentPostprocessing = 0;
			shellPath = /bin/sh;
			shellScript = "diff \"${PODS_PODFILE_DIR_PATH}/Podfile.lock\" \"${PODS_ROOT}/Manifest.lock\" > /dev/null\nif [ $? != 0 ] ; then\n    # print error to STDERR\n    echo \"error: The sandbox is not in sync with the Podfile.lock. Run 'pod install' or update your CocoaPods installation.\" >&2\n    exit 1\nfi\n# This output is used by Xcode 'outputs' to avoid re-running this script phase.\necho \"SUCCESS\" > \"${SCRIPT_OUTPUT_FILE_0}\"\n";
			showEnvVarsInLog = 0;
		};
		AB05BE6725895B3800F61526 /* Bundle React Native code and images */ = {
			isa = PBXShellScriptBuildPhase;
			buildActionMask = 2147483647;
			files = (
			);
			inputPaths = (
			);
			name = "Bundle React Native code and images";
			outputPaths = (
			);
			runOnlyForDeploymentPostprocessing = 0;
			shellPath = /bin/sh;
			shellScript = "export NODE_BINARY=node\n../node_modules/react-native/scripts/react-native-xcode.sh\n";
		};
		C36D4B1044D2B9C3FD5492F2 /* [CP] Copy Pods Resources */ = {
			isa = PBXShellScriptBuildPhase;
			buildActionMask = 2147483647;
			files = (
			);
			inputFileListPaths = (
				"${PODS_ROOT}/Target Support Files/Pods-PathifyTest/Pods-PathifyTest-resources-${CONFIGURATION}-input-files.xcfilelist",
			);
			name = "[CP] Copy Pods Resources";
			outputFileListPaths = (
				"${PODS_ROOT}/Target Support Files/Pods-PathifyTest/Pods-PathifyTest-resources-${CONFIGURATION}-output-files.xcfilelist",
			);
			runOnlyForDeploymentPostprocessing = 0;
			shellPath = /bin/sh;
			shellScript = "\"${PODS_ROOT}/Target Support Files/Pods-PathifyTest/Pods-PathifyTest-resources.sh\"\n";
			showEnvVarsInLog = 0;
		};
		D312569BF69658D0A97AE252 /* [CP] Embed Pods Frameworks */ = {
			isa = PBXShellScriptBuildPhase;
			buildActionMask = 2147483647;
			files = (
			);
			inputFileListPaths = (
				"${PODS_ROOT}/Target Support Files/Pods-Pathify/Pods-Pathify-frameworks-${CONFIGURATION}-input-files.xcfilelist",
			);
			name = "[CP] Embed Pods Frameworks";
			outputFileListPaths = (
				"${PODS_ROOT}/Target Support Files/Pods-Pathify/Pods-Pathify-frameworks-${CONFIGURATION}-output-files.xcfilelist",
			);
			runOnlyForDeploymentPostprocessing = 0;
			shellPath = /bin/sh;
			shellScript = "\"${PODS_ROOT}/Target Support Files/Pods-Pathify/Pods-Pathify-frameworks.sh\"\n";
			showEnvVarsInLog = 0;
		};
		DBC95F7DB9FDC13A09534AF5 /* [CP] Check Pods Manifest.lock */ = {
			isa = PBXShellScriptBuildPhase;
			buildActionMask = 2147483647;
			files = (
			);
			inputFileListPaths = (
			);
			inputPaths = (
				"${PODS_PODFILE_DIR_PATH}/Podfile.lock",
				"${PODS_ROOT}/Manifest.lock",
			);
			name = "[CP] Check Pods Manifest.lock";
			outputFileListPaths = (
			);
			outputPaths = (
				"$(DERIVED_FILE_DIR)/Pods-PathifyTest-checkManifestLockResult.txt",
			);
			runOnlyForDeploymentPostprocessing = 0;
			shellPath = /bin/sh;
			shellScript = "diff \"${PODS_PODFILE_DIR_PATH}/Podfile.lock\" \"${PODS_ROOT}/Manifest.lock\" > /dev/null\nif [ $? != 0 ] ; then\n    # print error to STDERR\n    echo \"error: The sandbox is not in sync with the Podfile.lock. Run 'pod install' or update your CocoaPods installation.\" >&2\n    exit 1\nfi\n# This output is used by Xcode 'outputs' to avoid re-running this script phase.\necho \"SUCCESS\" > \"${SCRIPT_OUTPUT_FILE_0}\"\n";
			showEnvVarsInLog = 0;
		};
/* End PBXShellScriptBuildPhase section */

/* Begin PBXSourcesBuildPhase section */
		13B07F871A680F5B00A75B9A /* Sources */ = {
			isa = PBXSourcesBuildPhase;
			buildActionMask = 2147483647;
			files = (
				13B07FBC1A68108700A75B9A /* AppDelegate.m in Sources */,
				ABDD667525897EC700709810 /* PathifyNative.swift in Sources */,
				13B07FC11A68108700A75B9A /* main.m in Sources */,
			);
			runOnlyForDeploymentPostprocessing = 0;
		};
		AB05BE5A25895B3800F61526 /* Sources */ = {
			isa = PBXSourcesBuildPhase;
			buildActionMask = 2147483647;
			files = (
				AB05BE5B25895B3800F61526 /* AppDelegate.m in Sources */,
				ABDD667625897EC700709810 /* PathifyNative.swift in Sources */,
				AB05BE5D25895B3800F61526 /* main.m in Sources */,
			);
			runOnlyForDeploymentPostprocessing = 0;
		};
		ABFBED612410C61600A2E0D3 /* Sources */ = {
			isa = PBXSourcesBuildPhase;
			buildActionMask = 2147483647;
			files = (
				ABFBED682410C61600A2E0D3 /* PathifyUITests.swift in Sources */,
				ABE839982410C7970051DA47 /* SnapshotHelper.swift in Sources */,
			);
			runOnlyForDeploymentPostprocessing = 0;
		};
/* End PBXSourcesBuildPhase section */

/* Begin PBXTargetDependency section */
		AB05BE7B25895D8600F61526 /* PBXTargetDependency */ = {
			isa = PBXTargetDependency;
			target = AB05BE5825895B3800F61526 /* PathifyTest */;
			targetProxy = AB05BE7A25895D8600F61526 /* PBXContainerItemProxy */;
		};
		ABFBED6B2410C61600A2E0D3 /* PBXTargetDependency */ = {
			isa = PBXTargetDependency;
			target = 13B07F861A680F5B00A75B9A /* Pathify */;
			targetProxy = ABFBED6A2410C61600A2E0D3 /* PBXContainerItemProxy */;
		};
/* End PBXTargetDependency section */

/* Begin XCBuildConfiguration section */
		13B07F941A680F5B00A75B9A /* Debug */ = {
			isa = XCBuildConfiguration;
			baseConfigurationReference = 8059A1F3DBF76255A1CCACAD /* Pods-Pathify.debug.xcconfig */;
			buildSettings = {
				ASSETCATALOG_COMPILER_APPICON_NAME = AppIcon;
				CLANG_ENABLE_MODULES = YES;
				CURRENT_PROJECT_VERSION = 50;
				DEAD_CODE_STRIPPING = YES;
				DEVELOPMENT_TEAM = KDB2MK77BH;
				ENABLE_BITCODE = YES;
				FRAMEWORK_SEARCH_PATHS = (
					"$(PROJECT_DIR)/../node_modules/react-native-background-fetch/ios/**",
					"$(inherited)",
				);
				HEADER_SEARCH_PATHS = (
					"$(inherited)",
					"$(SRCROOT)/../node_modules/realm/src/**",
				);
				INFOPLIST_FILE = Pathify/Info.plist;
				IPHONEOS_DEPLOYMENT_TARGET = 13.0;
				LD_RUNPATH_SEARCH_PATHS = (
					/usr/lib/swift,
					"$(inherited)",
					"@executable_path/Frameworks",
				);
				LIBRARY_SEARCH_PATHS = (
					"$(TOOLCHAIN_DIR)/usr/lib/swift/$(PLATFORM_NAME)",
					"$(TOOLCHAIN_DIR)/usr/lib/swift-5.0/$(PLATFORM_NAME)",
					"$(inherited)",
				);
				MARKETING_VERSION = 1.0.2;
				OTHER_LDFLAGS = (
					"$(inherited)",
					"-ObjC",
					"-lc++",
				);
				PRODUCT_BUNDLE_IDENTIFIER = app.pathify;
				PRODUCT_NAME = Pathify;
				SWIFT_OBJC_BRIDGING_HEADER = "Pathify-Bridging-Header.h";
				SWIFT_OPTIMIZATION_LEVEL = "-Onone";
				SWIFT_VERSION = 5.0;
				TARGETED_DEVICE_FAMILY = 1;
				VERSIONING_SYSTEM = "apple-generic";
			};
			name = Debug;
		};
		13B07F951A680F5B00A75B9A /* Release */ = {
			isa = XCBuildConfiguration;
			baseConfigurationReference = 03659F535B28F812BA829511 /* Pods-Pathify.release.xcconfig */;
			buildSettings = {
				ASSETCATALOG_COMPILER_APPICON_NAME = AppIcon;
				CLANG_ENABLE_MODULES = YES;
				CURRENT_PROJECT_VERSION = 50;
				DEVELOPMENT_TEAM = KDB2MK77BH;
				ENABLE_BITCODE = YES;
				ENABLE_TESTABILITY = NO;
				FRAMEWORK_SEARCH_PATHS = (
					"$(PROJECT_DIR)/../node_modules/react-native-background-fetch/ios/**",
					"$(inherited)",
				);
				HEADER_SEARCH_PATHS = (
					"$(inherited)",
					"$(SRCROOT)/../node_modules/realm/src/**",
				);
				INFOPLIST_FILE = Pathify/Info.plist;
				IPHONEOS_DEPLOYMENT_TARGET = 13.0;
				LD_RUNPATH_SEARCH_PATHS = (
					/usr/lib/swift,
					"$(inherited)",
					"@executable_path/Frameworks",
				);
				LIBRARY_SEARCH_PATHS = (
					"$(TOOLCHAIN_DIR)/usr/lib/swift/$(PLATFORM_NAME)",
					"$(TOOLCHAIN_DIR)/usr/lib/swift-5.0/$(PLATFORM_NAME)",
					"$(inherited)",
				);
				MARKETING_VERSION = 1.0.2;
				ONLY_ACTIVE_ARCH = YES;
				OTHER_LDFLAGS = (
					"$(inherited)",
					"-ObjC",
					"-lc++",
				);
				PRODUCT_BUNDLE_IDENTIFIER = app.pathify;
				PRODUCT_NAME = Pathify;
				SWIFT_OBJC_BRIDGING_HEADER = "Pathify-Bridging-Header.h";
				SWIFT_VERSION = 5.0;
				TARGETED_DEVICE_FAMILY = 1;
				VERSIONING_SYSTEM = "apple-generic";
			};
			name = Release;
		};
		83CBBA201A601CBA00E9B192 /* Debug */ = {
			isa = XCBuildConfiguration;
			buildSettings = {
				ALWAYS_SEARCH_USER_PATHS = NO;
				CLANG_CXX_LANGUAGE_STANDARD = "gnu++0x";
				CLANG_CXX_LIBRARY = "libc++";
				CLANG_ENABLE_MODULES = YES;
				CLANG_ENABLE_OBJC_ARC = YES;
				CLANG_WARN_BLOCK_CAPTURE_AUTORELEASING = YES;
				CLANG_WARN_BOOL_CONVERSION = YES;
				CLANG_WARN_COMMA = YES;
				CLANG_WARN_CONSTANT_CONVERSION = YES;
				CLANG_WARN_DEPRECATED_OBJC_IMPLEMENTATIONS = YES;
				CLANG_WARN_DIRECT_OBJC_ISA_USAGE = YES_ERROR;
				CLANG_WARN_EMPTY_BODY = YES;
				CLANG_WARN_ENUM_CONVERSION = YES;
				CLANG_WARN_INFINITE_RECURSION = YES;
				CLANG_WARN_INT_CONVERSION = YES;
				CLANG_WARN_NON_LITERAL_NULL_CONVERSION = YES;
				CLANG_WARN_OBJC_IMPLICIT_RETAIN_SELF = YES;
				CLANG_WARN_OBJC_LITERAL_CONVERSION = YES;
				CLANG_WARN_OBJC_ROOT_CLASS = YES_ERROR;
				CLANG_WARN_RANGE_LOOP_ANALYSIS = YES;
				CLANG_WARN_STRICT_PROTOTYPES = YES;
				CLANG_WARN_SUSPICIOUS_MOVE = YES;
				CLANG_WARN_UNREACHABLE_CODE = YES;
				CLANG_WARN__DUPLICATE_METHOD_MATCH = YES;
				"CODE_SIGN_IDENTITY[sdk=iphoneos*]" = "iPhone Developer";
				COPY_PHASE_STRIP = NO;
				DEFINES_MODULE = YES;
				ENABLE_STRICT_OBJC_MSGSEND = YES;
				ENABLE_TESTABILITY = YES;
				GCC_C_LANGUAGE_STANDARD = gnu99;
				GCC_DYNAMIC_NO_PIC = NO;
				GCC_NO_COMMON_BLOCKS = YES;
				GCC_OPTIMIZATION_LEVEL = 0;
				GCC_PREPROCESSOR_DEFINITIONS = (
					"DEBUG=1",
					"$(inherited)",
				);
				GCC_SYMBOLS_PRIVATE_EXTERN = NO;
				GCC_WARN_64_TO_32_BIT_CONVERSION = YES;
				GCC_WARN_ABOUT_RETURN_TYPE = YES_ERROR;
				GCC_WARN_UNDECLARED_SELECTOR = YES;
				GCC_WARN_UNINITIALIZED_AUTOS = YES_AGGRESSIVE;
				GCC_WARN_UNUSED_FUNCTION = YES;
				GCC_WARN_UNUSED_VARIABLE = YES;
				HEADER_SEARCH_PATHS = (
					"$(SRCROOT)/../node_modules/react-native/React/Base/**",
					"$(SRCROOT)/../node_modules/react-native/React/**",
					"$(SRCROOT)/ios/Pods/Headers",
				);
				IPHONEOS_DEPLOYMENT_TARGET = 13.0;
				MTL_ENABLE_DEBUG_INFO = YES;
				ONLY_ACTIVE_ARCH = YES;
				SDKROOT = iphoneos;
				SWIFT_PRECOMPILE_BRIDGING_HEADER = YES;
			};
			name = Debug;
		};
		83CBBA211A601CBA00E9B192 /* Release */ = {
			isa = XCBuildConfiguration;
			buildSettings = {
				ALWAYS_SEARCH_USER_PATHS = NO;
				CLANG_CXX_LANGUAGE_STANDARD = "gnu++0x";
				CLANG_CXX_LIBRARY = "libc++";
				CLANG_ENABLE_MODULES = YES;
				CLANG_ENABLE_OBJC_ARC = YES;
				CLANG_WARN_BLOCK_CAPTURE_AUTORELEASING = YES;
				CLANG_WARN_BOOL_CONVERSION = YES;
				CLANG_WARN_COMMA = YES;
				CLANG_WARN_CONSTANT_CONVERSION = YES;
				CLANG_WARN_DEPRECATED_OBJC_IMPLEMENTATIONS = YES;
				CLANG_WARN_DIRECT_OBJC_ISA_USAGE = YES_ERROR;
				CLANG_WARN_EMPTY_BODY = YES;
				CLANG_WARN_ENUM_CONVERSION = YES;
				CLANG_WARN_INFINITE_RECURSION = YES;
				CLANG_WARN_INT_CONVERSION = YES;
				CLANG_WARN_NON_LITERAL_NULL_CONVERSION = YES;
				CLANG_WARN_OBJC_IMPLICIT_RETAIN_SELF = YES;
				CLANG_WARN_OBJC_LITERAL_CONVERSION = YES;
				CLANG_WARN_OBJC_ROOT_CLASS = YES_ERROR;
				CLANG_WARN_RANGE_LOOP_ANALYSIS = YES;
				CLANG_WARN_STRICT_PROTOTYPES = YES;
				CLANG_WARN_SUSPICIOUS_MOVE = YES;
				CLANG_WARN_UNREACHABLE_CODE = YES;
				CLANG_WARN__DUPLICATE_METHOD_MATCH = YES;
				"CODE_SIGN_IDENTITY[sdk=iphoneos*]" = "iPhone Developer";
				COPY_PHASE_STRIP = YES;
				DEFINES_MODULE = YES;
				ENABLE_NS_ASSERTIONS = NO;
				ENABLE_STRICT_OBJC_MSGSEND = YES;
				GCC_C_LANGUAGE_STANDARD = gnu99;
				GCC_NO_COMMON_BLOCKS = YES;
				GCC_WARN_64_TO_32_BIT_CONVERSION = YES;
				GCC_WARN_ABOUT_RETURN_TYPE = YES_ERROR;
				GCC_WARN_UNDECLARED_SELECTOR = YES;
				GCC_WARN_UNINITIALIZED_AUTOS = YES_AGGRESSIVE;
				GCC_WARN_UNUSED_FUNCTION = YES;
				GCC_WARN_UNUSED_VARIABLE = YES;
				HEADER_SEARCH_PATHS = (
					"$(SRCROOT)/../node_modules/react-native/React/Base/**",
					"$(SRCROOT)/../node_modules/react-native/React/**",
					"$(SRCROOT)/ios/Pods/Headers",
				);
				IPHONEOS_DEPLOYMENT_TARGET = 13.0;
				MTL_ENABLE_DEBUG_INFO = NO;
				SDKROOT = iphoneos;
				SWIFT_PRECOMPILE_BRIDGING_HEADER = YES;
				VALIDATE_PRODUCT = YES;
			};
			name = Release;
		};
		AB05BE6C25895B3800F61526 /* Debug */ = {
			isa = XCBuildConfiguration;
			baseConfigurationReference = 6EB398FE8D8889AB0F68998B /* Pods-PathifyTest.debug.xcconfig */;
			buildSettings = {
				ASSETCATALOG_COMPILER_APPICON_NAME = AppIcon;
				CLANG_ENABLE_MODULES = YES;
				CURRENT_PROJECT_VERSION = 43;
				DEAD_CODE_STRIPPING = YES;
				DEVELOPMENT_TEAM = KDB2MK77BH;
				ENABLE_BITCODE = YES;
				FRAMEWORK_SEARCH_PATHS = (
					"$(PROJECT_DIR)/../node_modules/react-native-background-fetch/ios/**",
					"$(inherited)",
				);
				GCC_PREPROCESSOR_DEFINITIONS = (
					"$(inherited)",
					"COCOAPODS=1",
					"IS_PATHIFY_TEST_TARGET=1",
				);
				HEADER_SEARCH_PATHS = (
					"$(inherited)",
					"$(SRCROOT)/../node_modules/realm/src/**",
				);
				INFOPLIST_FILE = "Pathify/PathifyTest-Info.plist";
				IPHONEOS_DEPLOYMENT_TARGET = 13.0;
				LD_RUNPATH_SEARCH_PATHS = (
					/usr/lib/swift,
					"$(inherited)",
					"@executable_path/Frameworks",
				);
				LIBRARY_SEARCH_PATHS = (
					"$(TOOLCHAIN_DIR)/usr/lib/swift/$(PLATFORM_NAME)",
					"$(TOOLCHAIN_DIR)/usr/lib/swift-5.0/$(PLATFORM_NAME)",
					"$(inherited)",
				);
				OTHER_LDFLAGS = (
					"$(inherited)",
					"-ObjC",
					"-lc++",
				);
				PRODUCT_BUNDLE_IDENTIFIER = app.pathifyTest;
				PRODUCT_MODULE_NAME = "$(PRODUCT_NAME:c99extidentifier)";
				PRODUCT_NAME = "$(TARGET_NAME)";
				SWIFT_OBJC_BRIDGING_HEADER = "Pathify-Bridging-Header.h";
				SWIFT_OPTIMIZATION_LEVEL = "-Onone";
				SWIFT_VERSION = 5.0;
				TARGETED_DEVICE_FAMILY = 1;
				VERSIONING_SYSTEM = "apple-generic";
			};
			name = Debug;
		};
		AB05BE6D25895B3800F61526 /* Release */ = {
			isa = XCBuildConfiguration;
			baseConfigurationReference = 5B55ECEB104E05FEF3A5EBA8 /* Pods-PathifyTest.release.xcconfig */;
			buildSettings = {
				ASSETCATALOG_COMPILER_APPICON_NAME = AppIcon;
				CLANG_ENABLE_MODULES = YES;
				CURRENT_PROJECT_VERSION = 43;
				DEVELOPMENT_TEAM = KDB2MK77BH;
				ENABLE_BITCODE = YES;
				ENABLE_TESTABILITY = YES;
				FRAMEWORK_SEARCH_PATHS = (
					"$(PROJECT_DIR)/../node_modules/react-native-background-fetch/ios/**",
					"$(inherited)",
				);
				GCC_PREPROCESSOR_DEFINITIONS = (
					"$(inherited)",
					"COCOAPODS=1",
					"IS_PATHIFY_TEST_TARGET=1",
				);
				HEADER_SEARCH_PATHS = (
					"$(inherited)",
					"$(SRCROOT)/../node_modules/realm/src/**",
				);
				INFOPLIST_FILE = "Pathify/PathifyTest-Info.plist";
				IPHONEOS_DEPLOYMENT_TARGET = 13.0;
				LD_RUNPATH_SEARCH_PATHS = (
					/usr/lib/swift,
					"$(inherited)",
					"@executable_path/Frameworks",
				);
				LIBRARY_SEARCH_PATHS = (
					"$(TOOLCHAIN_DIR)/usr/lib/swift/$(PLATFORM_NAME)",
					"$(TOOLCHAIN_DIR)/usr/lib/swift-5.0/$(PLATFORM_NAME)",
					"$(inherited)",
				);
				ONLY_ACTIVE_ARCH = YES;
				OTHER_LDFLAGS = (
					"$(inherited)",
					"-ObjC",
					"-lc++",
				);
				PRODUCT_BUNDLE_IDENTIFIER = app.pathifyTest;
				PRODUCT_MODULE_NAME = "$(PRODUCT_NAME:c99extidentifier)";
				PRODUCT_NAME = "$(TARGET_NAME)";
				SWIFT_OBJC_BRIDGING_HEADER = "Pathify-Bridging-Header.h";
				SWIFT_VERSION = 5.0;
				TARGETED_DEVICE_FAMILY = 1;
				VERSIONING_SYSTEM = "apple-generic";
			};
			name = Release;
		};
		ABFBED6C2410C61600A2E0D3 /* Debug */ = {
			isa = XCBuildConfiguration;
			baseConfigurationReference = 7B96BD84FF819616415F6AE2 /* Pods-PathifyUITests.debug.xcconfig */;
			buildSettings = {
				ALWAYS_EMBED_SWIFT_STANDARD_LIBRARIES = YES;
				CLANG_ANALYZER_NONNULL = YES;
				CLANG_ANALYZER_NUMBER_OBJECT_CONVERSION = YES_AGGRESSIVE;
				CLANG_CXX_LANGUAGE_STANDARD = "gnu++14";
				CLANG_ENABLE_OBJC_WEAK = YES;
				CLANG_WARN_DOCUMENTATION_COMMENTS = YES;
				CLANG_WARN_UNGUARDED_AVAILABILITY = YES_AGGRESSIVE;
				CODE_SIGN_STYLE = Automatic;
				DEBUG_INFORMATION_FORMAT = dwarf;
				DEVELOPMENT_TEAM = KDB2MK77BH;
				GCC_C_LANGUAGE_STANDARD = gnu11;
				INFOPLIST_FILE = PathifyUITests/Info.plist;
				IPHONEOS_DEPLOYMENT_TARGET = 13.0;
				LD_RUNPATH_SEARCH_PATHS = (
					"$(inherited)",
					"@executable_path/Frameworks",
					"@loader_path/Frameworks",
				);
				MTL_ENABLE_DEBUG_INFO = INCLUDE_SOURCE;
				MTL_FAST_MATH = YES;
				PRODUCT_BUNDLE_IDENTIFIER = com.dubman.PathifyUITests;
				PRODUCT_NAME = "$(TARGET_NAME)";
				SWIFT_ACTIVE_COMPILATION_CONDITIONS = DEBUG;
				SWIFT_OBJC_BRIDGING_HEADER = "Pathify-Bridging-Header.h";
				SWIFT_OPTIMIZATION_LEVEL = "-Onone";
				SWIFT_VERSION = 5.0;
				TARGETED_DEVICE_FAMILY = "1,2";
				TEST_TARGET_NAME = PathifyTest;
			};
			name = Debug;
		};
		ABFBED6D2410C61600A2E0D3 /* Release */ = {
			isa = XCBuildConfiguration;
			baseConfigurationReference = FA77D29ECAD56DC3F9D5B7CB /* Pods-PathifyUITests.release.xcconfig */;
			buildSettings = {
				ALWAYS_EMBED_SWIFT_STANDARD_LIBRARIES = YES;
				CLANG_ANALYZER_NONNULL = YES;
				CLANG_ANALYZER_NUMBER_OBJECT_CONVERSION = YES_AGGRESSIVE;
				CLANG_CXX_LANGUAGE_STANDARD = "gnu++14";
				CLANG_ENABLE_OBJC_WEAK = YES;
				CLANG_WARN_DOCUMENTATION_COMMENTS = YES;
				CLANG_WARN_UNGUARDED_AVAILABILITY = YES_AGGRESSIVE;
				CODE_SIGN_STYLE = Automatic;
				COPY_PHASE_STRIP = NO;
				DEBUG_INFORMATION_FORMAT = "dwarf-with-dsym";
				DEVELOPMENT_TEAM = KDB2MK77BH;
				ENABLE_TESTABILITY = YES;
				GCC_C_LANGUAGE_STANDARD = gnu11;
				INFOPLIST_FILE = PathifyUITests/Info.plist;
				IPHONEOS_DEPLOYMENT_TARGET = 13.0;
				LD_RUNPATH_SEARCH_PATHS = (
					"$(inherited)",
					"@executable_path/Frameworks",
					"@loader_path/Frameworks",
				);
				MTL_FAST_MATH = YES;
				PRODUCT_BUNDLE_IDENTIFIER = com.dubman.PathifyUITests;
				PRODUCT_NAME = "$(TARGET_NAME)";
				SWIFT_COMPILATION_MODE = wholemodule;
				SWIFT_OBJC_BRIDGING_HEADER = "Pathify-Bridging-Header.h";
				SWIFT_OPTIMIZATION_LEVEL = "-O";
				SWIFT_VERSION = 5.0;
				TARGETED_DEVICE_FAMILY = "1,2";
				TEST_TARGET_NAME = PathifyTest;
			};
			name = Release;
		};
/* End XCBuildConfiguration section */

/* Begin XCConfigurationList section */
		13B07F931A680F5B00A75B9A /* Build configuration list for PBXNativeTarget "Pathify" */ = {
			isa = XCConfigurationList;
			buildConfigurations = (
				13B07F941A680F5B00A75B9A /* Debug */,
				13B07F951A680F5B00A75B9A /* Release */,
			);
			defaultConfigurationIsVisible = 0;
			defaultConfigurationName = Release;
		};
		83CBB9FA1A601CBA00E9B192 /* Build configuration list for PBXProject "Pathify" */ = {
			isa = XCConfigurationList;
			buildConfigurations = (
				83CBBA201A601CBA00E9B192 /* Debug */,
				83CBBA211A601CBA00E9B192 /* Release */,
			);
			defaultConfigurationIsVisible = 0;
			defaultConfigurationName = Release;
		};
		AB05BE6B25895B3800F61526 /* Build configuration list for PBXNativeTarget "PathifyTest" */ = {
			isa = XCConfigurationList;
			buildConfigurations = (
				AB05BE6C25895B3800F61526 /* Debug */,
				AB05BE6D25895B3800F61526 /* Release */,
			);
			defaultConfigurationIsVisible = 0;
			defaultConfigurationName = Release;
		};
		ABFBED6F2410C61600A2E0D3 /* Build configuration list for PBXNativeTarget "PathifyUITests" */ = {
			isa = XCConfigurationList;
			buildConfigurations = (
				ABFBED6C2410C61600A2E0D3 /* Debug */,
				ABFBED6D2410C61600A2E0D3 /* Release */,
			);
			defaultConfigurationIsVisible = 0;
			defaultConfigurationName = Release;
		};
/* End XCConfigurationList section */
	};
	rootObject = 83CBB9F71A601CBA00E9B192 /* Project object */;
}
