PODS:
  - boost (1.76.0)
  - CocoaLumberjack (3.7.4):
    - CocoaLumberjack/Core (= 3.7.4)
  - CocoaLumberjack/Core (3.7.4)
  - DoubleConversion (1.1.6)
  - FBLazyVector (0.69.11)
  - FBReactNativeSpec (0.69.11):
    - RCT-Folly (= 2021.06.28.00-v2)
    - RCTRequired (= 0.69.11)
    - RCTTypeSafety (= 0.69.11)
    - React-Core (= 0.69.11)
    - React-jsi (= 0.69.11)
    - ReactCommon/turbomodule/core (= 0.69.11)
  - fmt (6.2.1)
  - GCDWebServer (3.5.4):
    - GCDWebServer/Core (= 3.5.4)
  - GCDWebServer/Core (3.5.4)
  - glog (0.3.5)
  - MapboxCommon (23.7.0)
  - MapboxCoreMaps (10.15.0):
    - MapboxCommon (~> 23.7)
  - MapboxMaps (10.15.0):
    - MapboxCommon (= 23.7.0)
    - MapboxCoreMaps (= 10.15.0)
    - MapboxMobileEvents (= 1.0.10)
    - Turf (~> 2.0)
  - MapboxMobileEvents (1.0.10)
  - RCT-Folly (2021.06.28.00-v2):
    - boost
    - DoubleConversion
    - fmt (~> 6.2.1)
    - glog
    - RCT-Folly/Default (= 2021.06.28.00-v2)
  - RCT-Folly/Default (2021.06.28.00-v2):
    - boost
    - DoubleConversion
    - fmt (~> 6.2.1)
    - glog
  - RCTRequired (0.69.11)
  - RCTTypeSafety (0.69.11):
    - FBLazyVector (= 0.69.11)
    - RCTRequired (= 0.69.11)
    - React-Core (= 0.69.11)
  - React (0.69.11):
    - React-Core (= 0.69.11)
    - React-Core/DevSupport (= 0.69.11)
    - React-Core/RCTWebSocket (= 0.69.11)
    - React-RCTActionSheet (= 0.69.11)
    - React-RCTAnimation (= 0.69.11)
    - React-RCTBlob (= 0.69.11)
    - React-RCTImage (= 0.69.11)
    - React-RCTLinking (= 0.69.11)
    - React-RCTNetwork (= 0.69.11)
    - React-RCTSettings (= 0.69.11)
    - React-RCTText (= 0.69.11)
    - React-RCTVibration (= 0.69.11)
  - React-bridging (0.69.11):
    - RCT-Folly (= 2021.06.28.00-v2)
    - React-jsi (= 0.69.11)
  - React-callinvoker (0.69.11)
  - React-Codegen (0.69.11):
    - FBReactNativeSpec (= 0.69.11)
    - RCT-Folly (= 2021.06.28.00-v2)
    - RCTRequired (= 0.69.11)
    - RCTTypeSafety (= 0.69.11)
    - React-Core (= 0.69.11)
    - React-jsi (= 0.69.11)
    - React-jsiexecutor (= 0.69.11)
    - ReactCommon/turbomodule/core (= 0.69.11)
  - React-Core (0.69.11):
    - glog
    - RCT-Folly (= 2021.06.28.00-v2)
    - React-Core/Default (= 0.69.11)
    - React-cxxreact (= 0.69.11)
    - React-jsi (= 0.69.11)
    - React-jsiexecutor (= 0.69.11)
    - React-perflogger (= 0.69.11)
    - Yoga
  - React-Core/CoreModulesHeaders (0.69.11):
    - glog
    - RCT-Folly (= 2021.06.28.00-v2)
    - React-Core/Default
    - React-cxxreact (= 0.69.11)
    - React-jsi (= 0.69.11)
    - React-jsiexecutor (= 0.69.11)
    - React-perflogger (= 0.69.11)
    - Yoga
  - React-Core/Default (0.69.11):
    - glog
    - RCT-Folly (= 2021.06.28.00-v2)
    - React-cxxreact (= 0.69.11)
    - React-jsi (= 0.69.11)
    - React-jsiexecutor (= 0.69.11)
    - React-perflogger (= 0.69.11)
    - Yoga
  - React-Core/DevSupport (0.69.11):
    - glog
    - RCT-Folly (= 2021.06.28.00-v2)
    - React-Core/Default (= 0.69.11)
    - React-Core/RCTWebSocket (= 0.69.11)
    - React-cxxreact (= 0.69.11)
    - React-jsi (= 0.69.11)
    - React-jsiexecutor (= 0.69.11)
    - React-jsinspector (= 0.69.11)
    - React-perflogger (= 0.69.11)
    - Yoga
  - React-Core/RCTActionSheetHeaders (0.69.11):
    - glog
    - RCT-Folly (= 2021.06.28.00-v2)
    - React-Core/Default
    - React-cxxreact (= 0.69.11)
    - React-jsi (= 0.69.11)
    - React-jsiexecutor (= 0.69.11)
    - React-perflogger (= 0.69.11)
    - Yoga
  - React-Core/RCTAnimationHeaders (0.69.11):
    - glog
    - RCT-Folly (= 2021.06.28.00-v2)
    - React-Core/Default
    - React-cxxreact (= 0.69.11)
    - React-jsi (= 0.69.11)
    - React-jsiexecutor (= 0.69.11)
    - React-perflogger (= 0.69.11)
    - Yoga
  - React-Core/RCTBlobHeaders (0.69.11):
    - glog
    - RCT-Folly (= 2021.06.28.00-v2)
    - React-Core/Default
    - React-cxxreact (= 0.69.11)
    - React-jsi (= 0.69.11)
    - React-jsiexecutor (= 0.69.11)
    - React-perflogger (= 0.69.11)
    - Yoga
  - React-Core/RCTImageHeaders (0.69.11):
    - glog
    - RCT-Folly (= 2021.06.28.00-v2)
    - React-Core/Default
    - React-cxxreact (= 0.69.11)
    - React-jsi (= 0.69.11)
    - React-jsiexecutor (= 0.69.11)
    - React-perflogger (= 0.69.11)
    - Yoga
  - React-Core/RCTLinkingHeaders (0.69.11):
    - glog
    - RCT-Folly (= 2021.06.28.00-v2)
    - React-Core/Default
    - React-cxxreact (= 0.69.11)
    - React-jsi (= 0.69.11)
    - React-jsiexecutor (= 0.69.11)
    - React-perflogger (= 0.69.11)
    - Yoga
  - React-Core/RCTNetworkHeaders (0.69.11):
    - glog
    - RCT-Folly (= 2021.06.28.00-v2)
    - React-Core/Default
    - React-cxxreact (= 0.69.11)
    - React-jsi (= 0.69.11)
    - React-jsiexecutor (= 0.69.11)
    - React-perflogger (= 0.69.11)
    - Yoga
  - React-Core/RCTSettingsHeaders (0.69.11):
    - glog
    - RCT-Folly (= 2021.06.28.00-v2)
    - React-Core/Default
    - React-cxxreact (= 0.69.11)
    - React-jsi (= 0.69.11)
    - React-jsiexecutor (= 0.69.11)
    - React-perflogger (= 0.69.11)
    - Yoga
  - React-Core/RCTTextHeaders (0.69.11):
    - glog
    - RCT-Folly (= 2021.06.28.00-v2)
    - React-Core/Default
    - React-cxxreact (= 0.69.11)
    - React-jsi (= 0.69.11)
    - React-jsiexecutor (= 0.69.11)
    - React-perflogger (= 0.69.11)
    - Yoga
  - React-Core/RCTVibrationHeaders (0.69.11):
    - glog
    - RCT-Folly (= 2021.06.28.00-v2)
    - React-Core/Default
    - React-cxxreact (= 0.69.11)
    - React-jsi (= 0.69.11)
    - React-jsiexecutor (= 0.69.11)
    - React-perflogger (= 0.69.11)
    - Yoga
  - React-Core/RCTWebSocket (0.69.11):
    - glog
    - RCT-Folly (= 2021.06.28.00-v2)
    - React-Core/Default (= 0.69.11)
    - React-cxxreact (= 0.69.11)
    - React-jsi (= 0.69.11)
    - React-jsiexecutor (= 0.69.11)
    - React-perflogger (= 0.69.11)
    - Yoga
  - React-CoreModules (0.69.11):
    - RCT-Folly (= 2021.06.28.00-v2)
    - RCTTypeSafety (= 0.69.11)
    - React-Codegen (= 0.69.11)
    - React-Core/CoreModulesHeaders (= 0.69.11)
    - React-jsi (= 0.69.11)
    - React-RCTImage (= 0.69.11)
    - ReactCommon/turbomodule/core (= 0.69.11)
  - React-cxxreact (0.69.11):
    - boost (= 1.76.0)
    - DoubleConversion
    - glog
    - RCT-Folly (= 2021.06.28.00-v2)
    - React-callinvoker (= 0.69.11)
    - React-jsi (= 0.69.11)
    - React-jsinspector (= 0.69.11)
    - React-logger (= 0.69.11)
    - React-perflogger (= 0.69.11)
    - React-runtimeexecutor (= 0.69.11)
  - React-jsi (0.69.11):
    - boost (= 1.76.0)
    - DoubleConversion
    - glog
    - RCT-Folly (= 2021.06.28.00-v2)
    - React-jsi/Default (= 0.69.11)
  - React-jsi/Default (0.69.11):
    - boost (= 1.76.0)
    - DoubleConversion
    - glog
    - RCT-Folly (= 2021.06.28.00-v2)
  - React-jsiexecutor (0.69.11):
    - DoubleConversion
    - glog
    - RCT-Folly (= 2021.06.28.00-v2)
    - React-cxxreact (= 0.69.11)
    - React-jsi (= 0.69.11)
    - React-perflogger (= 0.69.11)
  - React-jsinspector (0.69.11)
  - React-logger (0.69.11):
    - glog
  - react-native-get-random-values (1.9.0):
    - React-Core
  - react-native-haptic (1.0.9):
    - React
  - react-native-restart (0.0.27):
    - React-Core
  - react-native-slider (4.4.3):
    - React-Core
  - React-perflogger (0.69.11)
  - React-RCTActionSheet (0.69.11):
    - React-Core/RCTActionSheetHeaders (= 0.69.11)
  - React-RCTAnimation (0.69.11):
    - RCT-Folly (= 2021.06.28.00-v2)
    - RCTTypeSafety (= 0.69.11)
    - React-Codegen (= 0.69.11)
    - React-Core/RCTAnimationHeaders (= 0.69.11)
    - React-jsi (= 0.69.11)
    - ReactCommon/turbomodule/core (= 0.69.11)
  - React-RCTBlob (0.69.11):
    - RCT-Folly (= 2021.06.28.00-v2)
    - React-Codegen (= 0.69.11)
    - React-Core/RCTBlobHeaders (= 0.69.11)
    - React-Core/RCTWebSocket (= 0.69.11)
    - React-jsi (= 0.69.11)
    - React-RCTNetwork (= 0.69.11)
    - ReactCommon/turbomodule/core (= 0.69.11)
  - React-RCTImage (0.69.11):
    - RCT-Folly (= 2021.06.28.00-v2)
    - RCTTypeSafety (= 0.69.11)
    - React-Codegen (= 0.69.11)
    - React-Core/RCTImageHeaders (= 0.69.11)
    - React-jsi (= 0.69.11)
    - React-RCTNetwork (= 0.69.11)
    - ReactCommon/turbomodule/core (= 0.69.11)
  - React-RCTLinking (0.69.11):
    - React-Codegen (= 0.69.11)
    - React-Core/RCTLinkingHeaders (= 0.69.11)
    - React-jsi (= 0.69.11)
    - ReactCommon/turbomodule/core (= 0.69.11)
  - React-RCTNetwork (0.69.11):
    - RCT-Folly (= 2021.06.28.00-v2)
    - RCTTypeSafety (= 0.69.11)
    - React-Codegen (= 0.69.11)
    - React-Core/RCTNetworkHeaders (= 0.69.11)
    - React-jsi (= 0.69.11)
    - ReactCommon/turbomodule/core (= 0.69.11)
  - React-RCTSettings (0.69.11):
    - RCT-Folly (= 2021.06.28.00-v2)
    - RCTTypeSafety (= 0.69.11)
    - React-Codegen (= 0.69.11)
    - React-Core/RCTSettingsHeaders (= 0.69.11)
    - React-jsi (= 0.69.11)
    - ReactCommon/turbomodule/core (= 0.69.11)
  - React-RCTText (0.69.11):
    - React-Core/RCTTextHeaders (= 0.69.11)
  - React-RCTVibration (0.69.11):
    - RCT-Folly (= 2021.06.28.00-v2)
    - React-Codegen (= 0.69.11)
    - React-Core/RCTVibrationHeaders (= 0.69.11)
    - React-jsi (= 0.69.11)
    - ReactCommon/turbomodule/core (= 0.69.11)
  - React-runtimeexecutor (0.69.11):
    - React-jsi (= 0.69.11)
  - ReactCommon/turbomodule/core (0.69.11):
    - DoubleConversion
    - glog
    - RCT-Folly (= 2021.06.28.00-v2)
    - React-bridging (= 0.69.11)
    - React-callinvoker (= 0.69.11)
    - React-Core (= 0.69.11)
    - React-cxxreact (= 0.69.11)
    - React-jsi (= 0.69.11)
    - React-logger (= 0.69.11)
    - React-perflogger (= 0.69.11)
  - RealmJS (10.22.0):
    - GCDWebServer
    - React
  - RNBackgroundFetch (4.1.7):
    - React-Core
  - RNBackgroundGeolocation (4.9.4):
    - CocoaLumberjack (~> 3.7.2)
    - React-Core
  - RNDateTimePicker (7.5.0):
    - React-Core
  - RNDeviceInfo (10.9.0):
    - React-Core
  - rnmapbox-maps (10.0.13):
    - MapboxMaps (~> 10.15.0)
    - React
    - React-Core
    - rnmapbox-maps/DynamicLibrary (= 10.0.13)
    - Turf
  - rnmapbox-maps/DynamicLibrary (10.0.13):
    - MapboxMaps (~> 10.15.0)
    - React
    - React-Core
    - Turf
  - RNStaticSafeAreaInsets (2.2.0):
    - React-Core
  - RNSVG (13.13.0):
    - React-Core
  - RNVectorIcons (9.2.0):
    - React-Core
  - Turf (2.7.0)
  - Yoga (1.14.0)

DEPENDENCIES:
  - boost (from `../node_modules/react-native/third-party-podspecs/boost.podspec`)
  - DoubleConversion (from `../node_modules/react-native/third-party-podspecs/DoubleConversion.podspec`)
  - FBLazyVector (from `../node_modules/react-native/Libraries/FBLazyVector`)
  - FBReactNativeSpec (from `../node_modules/react-native/React/FBReactNativeSpec`)
  - glog (from `../node_modules/react-native/third-party-podspecs/glog.podspec`)
  - RCT-Folly (from `../node_modules/react-native/third-party-podspecs/RCT-Folly.podspec`)
  - RCTRequired (from `../node_modules/react-native/Libraries/RCTRequired`)
  - RCTTypeSafety (from `../node_modules/react-native/Libraries/TypeSafety`)
  - React (from `../node_modules/react-native/`)
  - React-bridging (from `../node_modules/react-native/ReactCommon`)
  - React-callinvoker (from `../node_modules/react-native/ReactCommon/callinvoker`)
  - React-Codegen (from `build/generated/ios`)
  - React-Core (from `../node_modules/react-native/`)
  - React-Core/RCTWebSocket (from `../node_modules/react-native/`)
  - React-CoreModules (from `../node_modules/react-native/React/CoreModules`)
  - React-cxxreact (from `../node_modules/react-native/ReactCommon/cxxreact`)
  - React-jsi (from `../node_modules/react-native/ReactCommon/jsi`)
  - React-jsiexecutor (from `../node_modules/react-native/ReactCommon/jsiexecutor`)
  - React-jsinspector (from `../node_modules/react-native/ReactCommon/jsinspector`)
  - React-logger (from `../node_modules/react-native/ReactCommon/logger`)
  - react-native-get-random-values (from `../node_modules/react-native-get-random-values`)
  - react-native-haptic (from `../node_modules/react-native-haptic`)
  - react-native-restart (from `../node_modules/react-native-restart`)
  - "react-native-slider (from `../node_modules/@react-native-community/slider`)"
  - React-perflogger (from `../node_modules/react-native/ReactCommon/reactperflogger`)
  - React-RCTActionSheet (from `../node_modules/react-native/Libraries/ActionSheetIOS`)
  - React-RCTAnimation (from `../node_modules/react-native/Libraries/NativeAnimation`)
  - React-RCTBlob (from `../node_modules/react-native/Libraries/Blob`)
  - React-RCTImage (from `../node_modules/react-native/Libraries/Image`)
  - React-RCTLinking (from `../node_modules/react-native/Libraries/LinkingIOS`)
  - React-RCTNetwork (from `../node_modules/react-native/Libraries/Network`)
  - React-RCTSettings (from `../node_modules/react-native/Libraries/Settings`)
  - React-RCTText (from `../node_modules/react-native/Libraries/Text`)
  - React-RCTVibration (from `../node_modules/react-native/Libraries/Vibration`)
  - React-runtimeexecutor (from `../node_modules/react-native/ReactCommon/runtimeexecutor`)
  - ReactCommon/turbomodule/core (from `../node_modules/react-native/ReactCommon`)
  - RealmJS (from `../node_modules/realm`)
  - RNBackgroundFetch (from `../node_modules/react-native-background-fetch`)
  - RNBackgroundGeolocation (from `../node_modules/react-native-background-geolocation`)
  - "RNDateTimePicker (from `../node_modules/@react-native-community/datetimepicker`)"
  - RNDeviceInfo (from `../node_modules/react-native-device-info`)
  - "rnmapbox-maps (from `../node_modules/@rnmapbox/maps`)"
  - RNStaticSafeAreaInsets (from `../node_modules/react-native-static-safe-area-insets`)
  - RNSVG (from `../node_modules/react-native-svg`)
  - RNVectorIcons (from `../node_modules/react-native-vector-icons`)
  - Yoga (from `../node_modules/react-native/ReactCommon/yoga`)

SPEC REPOS:
  trunk:
    - CocoaLumberjack
    - fmt
    - GCDWebServer
    - MapboxCommon
    - MapboxCoreMaps
    - MapboxMaps
    - MapboxMobileEvents
    - Turf

EXTERNAL SOURCES:
  boost:
    :podspec: "../node_modules/react-native/third-party-podspecs/boost.podspec"
  DoubleConversion:
    :podspec: "../node_modules/react-native/third-party-podspecs/DoubleConversion.podspec"
  FBLazyVector:
    :path: "../node_modules/react-native/Libraries/FBLazyVector"
  FBReactNativeSpec:
    :path: "../node_modules/react-native/React/FBReactNativeSpec"
  glog:
    :podspec: "../node_modules/react-native/third-party-podspecs/glog.podspec"
  RCT-Folly:
    :podspec: "../node_modules/react-native/third-party-podspecs/RCT-Folly.podspec"
  RCTRequired:
    :path: "../node_modules/react-native/Libraries/RCTRequired"
  RCTTypeSafety:
    :path: "../node_modules/react-native/Libraries/TypeSafety"
  React:
    :path: "../node_modules/react-native/"
  React-bridging:
    :path: "../node_modules/react-native/ReactCommon"
  React-callinvoker:
    :path: "../node_modules/react-native/ReactCommon/callinvoker"
  React-Codegen:
    :path: build/generated/ios
  React-Core:
    :path: "../node_modules/react-native/"
  React-CoreModules:
    :path: "../node_modules/react-native/React/CoreModules"
  React-cxxreact:
    :path: "../node_modules/react-native/ReactCommon/cxxreact"
  React-jsi:
    :path: "../node_modules/react-native/ReactCommon/jsi"
  React-jsiexecutor:
    :path: "../node_modules/react-native/ReactCommon/jsiexecutor"
  React-jsinspector:
    :path: "../node_modules/react-native/ReactCommon/jsinspector"
  React-logger:
    :path: "../node_modules/react-native/ReactCommon/logger"
  react-native-get-random-values:
    :path: "../node_modules/react-native-get-random-values"
  react-native-haptic:
    :path: "../node_modules/react-native-haptic"
  react-native-restart:
    :path: "../node_modules/react-native-restart"
  react-native-slider:
    :path: "../node_modules/@react-native-community/slider"
  React-perflogger:
    :path: "../node_modules/react-native/ReactCommon/reactperflogger"
  React-RCTActionSheet:
    :path: "../node_modules/react-native/Libraries/ActionSheetIOS"
  React-RCTAnimation:
    :path: "../node_modules/react-native/Libraries/NativeAnimation"
  React-RCTBlob:
    :path: "../node_modules/react-native/Libraries/Blob"
  React-RCTImage:
    :path: "../node_modules/react-native/Libraries/Image"
  React-RCTLinking:
    :path: "../node_modules/react-native/Libraries/LinkingIOS"
  React-RCTNetwork:
    :path: "../node_modules/react-native/Libraries/Network"
  React-RCTSettings:
    :path: "../node_modules/react-native/Libraries/Settings"
  React-RCTText:
    :path: "../node_modules/react-native/Libraries/Text"
  React-RCTVibration:
    :path: "../node_modules/react-native/Libraries/Vibration"
  React-runtimeexecutor:
    :path: "../node_modules/react-native/ReactCommon/runtimeexecutor"
  ReactCommon:
    :path: "../node_modules/react-native/ReactCommon"
  RealmJS:
    :path: "../node_modules/realm"
  RNBackgroundFetch:
    :path: "../node_modules/react-native-background-fetch"
  RNBackgroundGeolocation:
    :path: "../node_modules/react-native-background-geolocation"
  RNDateTimePicker:
    :path: "../node_modules/@react-native-community/datetimepicker"
  RNDeviceInfo:
    :path: "../node_modules/react-native-device-info"
  rnmapbox-maps:
    :path: "../node_modules/@rnmapbox/maps"
  RNStaticSafeAreaInsets:
    :path: "../node_modules/react-native-static-safe-area-insets"
  RNSVG:
    :path: "../node_modules/react-native-svg"
  RNVectorIcons:
    :path: "../node_modules/react-native-vector-icons"
  Yoga:
    :path: "../node_modules/react-native/ReactCommon/yoga"

SPEC CHECKSUMS:
  boost: a7c83b31436843459a1961bfd74b96033dc77234
  CocoaLumberjack: 543c79c114dadc3b1aba95641d8738b06b05b646
  DoubleConversion: 5189b271737e1565bdce30deb4a08d647e3f5f54
  FBLazyVector: 5c0975e66853436589eae7542f4b956c7e2ef465
  FBReactNativeSpec: bb062293e84c33200005312d1807d8cb94a0d66a
  fmt: ff9d55029c625d3757ed641535fd4a75fedc7ce9
  GCDWebServer: 2c156a56c8226e2d5c0c3f208a3621ccffbe3ce4
  glog: 3d02b25ca00c2d456734d0bcff864cbc62f6ae1a
  MapboxCommon: dcbdb86acbcfc1a23efd341ed097c6c63ab532a9
  MapboxCoreMaps: bcbaac14467616940187f79bba49ca491cd37906
  MapboxMaps: 1fd9d97d0e8eceb7a45b9ac8bf87a8922da881a8
  MapboxMobileEvents: de50b3a4de180dd129c326e09cd12c8adaaa46d6
  RCT-Folly: b9d9fe1fc70114b751c076104e52f3b1b5e5a95a
  RCTRequired: 8e9a57dddc8f8e9e816c67c2d2537271a997137a
  RCTTypeSafety: 2b19e268e2036a2c2f6db6deb1ac03e28b1d607a
  React: f9478e6390f177ee6b67b87a3c6afea42b39523e
  React-bridging: d405ecd3ff80e1d0a4059a11063eaa9ed7a00c58
  React-callinvoker: c8ffa61f3f06f486ba6647769fc98f19e25d165a
  React-Codegen: 73acfdac1495b91ad5efdd3ab005568263c5def6
  React-Core: 7b7c75af4b73fe0ed4e5c3cdb7d79979e81148dc
  React-CoreModules: cd6e7efb38162884f08c7afa16fffaf15ff28ae4
  React-cxxreact: 51157cc600c9f436a7e623913a03b775305ef86c
  React-jsi: 3eeb345c4828d7b132fd38064a305f31b46d4ec3
  React-jsiexecutor: 5813455a4a908fb7284aa13307a9e0386e93b0bb
  React-jsinspector: 9ca5bf73ed0a195397e45fdbcd507cf7d503c428
  React-logger: 700340e325f21ba2a2d6413a61ef14268c7360aa
  react-native-get-random-values: dee677497c6a740b71e5612e8dbd83e7539ed5bb
  react-native-haptic: 72526107049dfe8fed1c3a1cc5f8113a93e360ce
  react-native-restart: 7595693413fe3ca15893702f2c8306c62a708162
  react-native-slider: 1cdd6ba29675df21f30544253bf7351d3c2d68c4
  React-perflogger: fdee2a0c512167ae4c19c4e230ccf6aa66a6aff0
  React-RCTActionSheet: 1cf5fef4e372f1c877969710a51bea4bb25e78fe
  React-RCTAnimation: 73816e3acd1f5e3f00166fc7eedb34f6b112f734
  React-RCTBlob: 6976c838fb14a1daf75d7c8bb23bae9cbbf726bb
  React-RCTImage: ab8a7498f215117f32271698591e4bd932dcf812
  React-RCTLinking: e8e78aed2744ab9946cc8ba5716b4938c2efb1e0
  React-RCTNetwork: 796f5aed4d932655d292bdc6b40f9502dcdb9542
  React-RCTSettings: 7e1cd2a384b45c90caf67464572abe3833b9da3b
  React-RCTText: fd6162890828f0761e03c59058fa23c3a21b2e10
  React-RCTVibration: 302cfd5cc33669d7abdb7ec6790123baba66e62e
  React-runtimeexecutor: 59407514818b2afbb1d7507e4e1ac834d24b0fbd
  ReactCommon: b8487da74723562d7368dab27135fd182f00a91c
  RealmJS: 2c1f4abe7eeb0b00881f3cbd08d18a208d5e6bd1
  RNBackgroundFetch: 13fbe7b23d4a082eac8caa7b08c5bcbeabd92f79
  RNBackgroundGeolocation: 8f64068cbcd2b249ca6f57cde9557c50480a9b8b
  RNDateTimePicker: b722c23030b744763cf51d80fc22f354653f65e0
  RNDeviceInfo: 02ea8b23e2280fa18e00a06d7e62804d74028579
  rnmapbox-maps: d9026150191bd0af18721335bb9ea0082f7ca27d
  RNStaticSafeAreaInsets: 055ddbf5e476321720457cdaeec0ff2ba40ec1b8
  RNSVG: ed492aaf3af9ca01bc945f7a149d76d62e73ec82
  RNVectorIcons: fcc2f6cb32f5735b586e66d14103a74ce6ad61f8
  Turf: 13d1a92d969ca0311bbc26e8356cca178ce95da2
  Yoga: 7f5ad94937ba3fc58c151ad1b7bbada2c275b28e

PODFILE CHECKSUM: aa29cad535f81d0dad56d7d70bc79a5d930e9d15

COCOAPODS: 1.12.1
