# THIS IS AN AUTOGENERATED FILE. DO NOT EDIT THIS FILE DIRECTLY.
# yarn lockfile v1


"@types/filesystem@^0.0.32":
  version "0.0.32"
  resolved "https://registry.yarnpkg.com/@types/filesystem/-/filesystem-0.0.32.tgz#307df7cc084a2293c3c1a31151b178063e0a8edf"
  integrity sha512-Yuf4jR5YYMR2DVgwuCiP11s0xuVRyPKmz8vo6HBY3CGdeMj8af93CFZX+T82+VD1+UqHOxTq31lO7MI7lepBtQ==
  dependencies:
    "@types/filewriter" "*"

"@types/filewriter@*":
  version "0.0.28"
  resolved "https://registry.yarnpkg.com/@types/filewriter/-/filewriter-0.0.28.tgz#c054e8af4d9dd75db4e63abc76f885168714d4b3"
  integrity sha1-wFTor02d11205jq8dviFFocU1LM=

"@types/json5@^2.2.0":
  version "2.2.0"
  resolved "https://registry.yarnpkg.com/@types/json5/-/json5-2.2.0.tgz#afff29abf9182a7d4a7e39105ca051f11c603d13"
  integrity sha512-NrVug5woqbvNZ0WX+Gv4R+L4TGddtmFek2u8RtccAgFZWtS9QXF2xCXY22/M4nzkaKF0q9Fc6M/5rxLDhfwc/A==
  dependencies:
    json5 "*"

"@types/node@^18.11.18":
  version "18.11.18"
  resolved "https://registry.yarnpkg.com/@types/node/-/node-18.11.18.tgz#8dfb97f0da23c2293e554c5a50d61ef134d7697f"
  integrity sha512-DHQpWGjyQKSHj3ebjFI/wRKcqQcdR+MoFBygntYOZytCqNfkd2ZC4ARDJ2DQqhjH5p85Nnd3jhUJIXrszFX/JA==

commander@^6.2.0:
  version "6.2.0"
  resolved "https://registry.yarnpkg.com/commander/-/commander-6.2.0.tgz#b990bfb8ac030aedc6d11bc04d1488ffef56db75"
  integrity sha512-zP4jEKbe8SHzKJYQmq8Y9gYjtO/POJLgIdKgV7B9qNmABVFVc+ctqSX6iXh4mCpJfRBOabiZ2YKPg8ciDw6C+Q==

get-stdin@^8.0.0:
  version "8.0.0"
  resolved "https://registry.yarnpkg.com/get-stdin/-/get-stdin-8.0.0.tgz#cbad6a73feb75f6eeb22ba9e01f89aa28aa97a53"
  integrity sha512-sY22aA6xchAzprjyqmSEQv4UbAAzRN0L2dQB0NlN5acTTK9Don6nhoc3eAbUnpZiCANAMfd/+40kVdKfFygohg==

json5@*, json5@^2.2.2:
  version "2.2.2"
  resolved "https://registry.yarnpkg.com/json5/-/json5-2.2.2.tgz#64471c5bdcc564c18f7c1d4df2e2297f2457c5ab"
  integrity sha512-46Tk9JiOL2z7ytNQWFLpj99RZkVgeHf87yGQKsIkaPz1qSH9UczKH1rO7K3wgRselo0tYMUNfecYpm/p1vC7tQ==

promisify-child-process@^4.1.1:
  version "4.1.1"
  resolved "https://registry.yarnpkg.com/promisify-child-process/-/promisify-child-process-4.1.1.tgz#290659e079f9c7bd46708404d4488a1a6b802686"
  integrity sha512-/sRjHZwoXf1rJ+8s4oWjYjGRVKNK1DUnqfRC1Zek18pl0cN6k3yJ1cCbqd0tWNe4h0Gr+SY4vR42N33+T82WkA==
